schema: '2.0'
stages:
  prepare:
    cmd: python -m mlops.stages.prepare --raw_data 'data/large.txt' --output_file
      'data/transformed_large.txt'
    deps:
    - path: data/large.txt
      md5: 794d45b58ca9eea7304dab3460bc2125
      size: 30
    outs:
    - path: data/transformed_large.txt
      md5: 07468e61025547fb1a444347b6fff8f8
      size: 17
  featurize:
    cmd: python -m mlops.stages.featurize --data 'data/transformed_large.txt' --output_file
      'data/features_large.txt'
    deps:
    - path: data/transformed_large.txt
      md5: 07468e61025547fb1a444347b6fff8f8
      size: 17
    outs:
    - path: data/features_large.txt
      md5: 4571f44654d3a1de746e75763aa523bb
      size: 15
  train:
    cmd: python -m mlops.stages.train --features 'data/features_large.txt' --model
      'model/prod.pkl' --epochs 100
    deps:
    - path: data/features_large.txt
      md5: 4571f44654d3a1de746e75763aa523bb
      size: 15
    outs:
    - path: model/prod.pkl
      md5: a04a1020b0b305327ec8c48e27f42d40
      size: 6
